github.com/davecgh/go-spew v1.1.1 h1:vj9j/u1bqnvCEfJOwUhtlOARqs3+rkHYY13jYWTU97c=
github.com/davecgh/go-spew v1.1.1/go.mod h1:J7Y8YcW2NihsgmVo/mv3lAwl/skON4iLHjSsI+c5H38=
github.com/google/uuid v1.3.1 h1:KjJaJ9iWZ3jOFZIf1Lqf4laDRCasjl0BCmnEGxkdLb4=
github.com/google/uuid v1.3.1/go.mod h1:TIyPZe4MgqvfeYDBFedMoGGpEw/LqOeaOT+nhxU+yHo=
github.com/gorilla/mux v1.8.1 h1:TuBL49tXwgrFYWhqrNgrUNEY92u81SPhu7sTdzQEiWY=
github.com/gorilla/mux v1.8.1/go.mod h1:AKf9I4AEqPTmMytcMc0KkNouC66V3BtZ4qD5fmWSiMQ=
github.com/marcboeker/go-duckdb v1.5.6 h1:5+hLUXRuKlqARcnW4jSsyhCwBRlu4FGjM0UTf2Yq5fw=
github.com/marcboeker/go-duckdb v1.5.6/go.mod h1:wm91jO2GNKa6iO9NTcjXIRsW+/ykPoJbQcHSXhdAl28=
github.com/mitchellh/mapstructure v1.5.0 h1:jeMsZIYE/09sWLaz43PL7Gy6RuMjD2eJVyuac5Z2hdY=
github.com/mitchellh/mapstructure v1.5.0/go.mod h1:bFUtVrKA4DC2yAKiSyO/QUcy7e+RRV2QTWOzhPopBRo=
github.com/pmezard/go-difflib v1.0.0 h1:4DBwDE0NGyQoBHbLQYPwSUPoCMWR5BEzIk/f1lZbAQM=
github.com/pmezard/go-difflib v1.0.0/go.mod h1:iKH77koFhYxTK1pcRnkKkqfTogsbg7gZNVY4sRDYZ/4=
github.com/stephenhu/stats v0.2.24 h1:0JyIkpellPj5Z3HfKhBWOvSfr4GMBQn0zSQdPYYwpss=
github.com/stephenhu/stats v0.2.24/go.mod h1:cqm71u0HFE9HjyjmFTWAklHs8Ema2Gb+/g1FUJnfJRQ=
github.com/stephenhu/stats v0.3.0 h1:6api+nsd49L+dfEjW9u2dOL3Cmyw4qSg5qloDBub+sA=
github.com/stephenhu/stats v0.3.0/go.mod h1:cqm71u0HFE9HjyjmFTWAklHs8Ema2Gb+/g1FUJnfJRQ=
github.com/stephenhu/stats v0.3.1 h1:4lZ8C9WQQUi8UxWqiZujW+CRHiPUNPxXwgBYBeRGjfo=
github.com/stephenhu/stats v0.3.1/go.mod h1:cqm71u0HFE9HjyjmFTWAklHs8Ema2Gb+/g1FUJnfJRQ=
github.com/stephenhu/stats v0.3.3 h1:9AY8UiYA67L38njZn5soytsNRA2KGNyek9XGgJ+wnF4=
github.com/stephenhu/stats v0.3.3/go.mod h1:cqm71u0HFE9HjyjmFTWAklHs8Ema2Gb+/g1FUJnfJRQ=
github.com/stephenhu/stats v0.3.4 h1:Qa1G8jHQyWObnZX+1SHbmblbpfwPeAfUXVDMMAVk9PM=
github.com/stephenhu/stats v0.3.4/go.mod h1:cqm71u0HFE9HjyjmFTWAklHs8Ema2Gb+/g1FUJnfJRQ=
github.com/stretchr/testify v1.8.4 h1:CcVxjf3Q8PM0mHUKJCdn+eZZtm5yQwehR5yeSVQQcUk=
github.com/stretchr/testify v1.8.4/go.mod h1:sz/lmYIOXD/1dqDmKjjqLyZ2RngseejIcXlSw2iwfAo=
gopkg.in/yaml.v3 v3.0.1 h1:fxVm/GzAzEWqLHuvctI91KS9hhNmmWOoWu0XTYJS7CA=
gopkg.in/yaml.v3 v3.0.1/go.mod h1:K4uyk7z7BCEPqu6E+C64Yfv1cQ7kz7rIZviUmN+EgEM=
